// !$*UTF8*$!
{
	archiveVersion = 1;
	classes = {
	};
	objectVersion = 55;
	objects = {

/* Begin PBXBuildFile section */
		6D1390A3283A2BB20044EDC7 /* MakePostViewController.swift in Sources */ = {isa = PBXBuildFile; fileRef = 6D1390A2283A2BB20044EDC7 /* MakePostViewController.swift */; };
		6D1390A5283A2BCB0044EDC7 /* PostsViewController.swift in Sources */ = {isa = PBXBuildFile; fileRef = 6D1390A4283A2BCB0044EDC7 /* PostsViewController.swift */; };
		6D2D640C28587E1F000C8AE6 /* LogInViewController.swift in Sources */ = {isa = PBXBuildFile; fileRef = 6D2D640B28587E1F000C8AE6 /* LogInViewController.swift */; };
		6D77840D28588BCC0065F7C0 /* AddNewAccountViewController.swift in Sources */ = {isa = PBXBuildFile; fileRef = 6D77840C28588BCC0065F7C0 /* AddNewAccountViewController.swift */; };
		6D77840F2858E2B30065F7C0 /* Constellation.swift in Sources */ = {isa = PBXBuildFile; fileRef = 6D77840E2858E2B30065F7C0 /* Constellation.swift */; };
		6D778411285916900065F7C0 /* AccountViewController.swift in Sources */ = {isa = PBXBuildFile; fileRef = 6D778410285916900065F7C0 /* AccountViewController.swift */; };
		6D77841328591AF50065F7C0 /* AccountCollectionViewCell.swift in Sources */ = {isa = PBXBuildFile; fileRef = 6D77841228591AF50065F7C0 /* AccountCollectionViewCell.swift */; };
		6D7784152859C31F0065F7C0 /* AccountPostsViewController.swift in Sources */ = {isa = PBXBuildFile; fileRef = 6D7784142859C31F0065F7C0 /* AccountPostsViewController.swift */; };
		6D7805BF284A50C4004F2A6E /* Post.swift in Sources */ = {isa = PBXBuildFile; fileRef = 6D7805BE284A50C4004F2A6E /* Post.swift */; };
		6D8D4EC1284C0BDE008E6EA2 /* FirebaseAnalytics in Frameworks */ = {isa = PBXBuildFile; productRef = 6D8D4EC0284C0BDE008E6EA2 /* FirebaseAnalytics */; };
		6D8D4EC3284C0BDE008E6EA2 /* FirebaseAuth in Frameworks */ = {isa = PBXBuildFile; productRef = 6D8D4EC2284C0BDE008E6EA2 /* FirebaseAuth */; };
		6D8D4EC5284C0BDE008E6EA2 /* FirebaseDatabase in Frameworks */ = {isa = PBXBuildFile; productRef = 6D8D4EC4284C0BDE008E6EA2 /* FirebaseDatabase */; };
		6D8D4EC7284C0BDE008E6EA2 /* FirebaseStorage in Frameworks */ = {isa = PBXBuildFile; productRef = 6D8D4EC6284C0BDE008E6EA2 /* FirebaseStorage */; };
		6D8D4EC9284C1D82008E6EA2 /* unselected.png in Resources */ = {isa = PBXBuildFile; fileRef = 6D8D4EC8284C1D81008E6EA2 /* unselected.png */; };
		6D8D4ECB284C1FFD008E6EA2 /* AddPostToConstellationViewController.swift in Sources */ = {isa = PBXBuildFile; fileRef = 6D8D4ECA284C1FFD008E6EA2 /* AddPostToConstellationViewController.swift */; };
		6D8D4ED0284C21FD008E6EA2 /* SwiftDate in Frameworks */ = {isa = PBXBuildFile; productRef = 6D8D4ECF284C21FD008E6EA2 /* SwiftDate */; };
		6D8D4ED2284C23D4008E6EA2 /* bg_2.png in Resources */ = {isa = PBXBuildFile; fileRef = 6D8D4ED1284C23D4008E6EA2 /* bg_2.png */; };
		6DA42A1E2839DC9200A89BC0 /* AppDelegate.swift in Sources */ = {isa = PBXBuildFile; fileRef = 6DA42A1D2839DC9200A89BC0 /* AppDelegate.swift */; };
		6DA42A202839DC9200A89BC0 /* SceneDelegate.swift in Sources */ = {isa = PBXBuildFile; fileRef = 6DA42A1F2839DC9200A89BC0 /* SceneDelegate.swift */; };
		6DA42A222839DC9200A89BC0 /* SelectConstellationViewController.swift in Sources */ = {isa = PBXBuildFile; fileRef = 6DA42A212839DC9200A89BC0 /* SelectConstellationViewController.swift */; };
		6DA42A252839DC9200A89BC0 /* Main.storyboard in Resources */ = {isa = PBXBuildFile; fileRef = 6DA42A232839DC9200A89BC0 /* Main.storyboard */; };
		6DA42A272839DC9300A89BC0 /* Assets.xcassets in Resources */ = {isa = PBXBuildFile; fileRef = 6DA42A262839DC9300A89BC0 /* Assets.xcassets */; };
		6DA42A2A2839DC9300A89BC0 /* LaunchScreen.storyboard in Resources */ = {isa = PBXBuildFile; fileRef = 6DA42A282839DC9300A89BC0 /* LaunchScreen.storyboard */; };
		6DEFEA39284B3B7D0068243D /* PostManager.swift in Sources */ = {isa = PBXBuildFile; fileRef = 6DEFEA38284B3B7D0068243D /* PostManager.swift */; };
		6DEFEA3D284BAB8A0068243D /* FireBaseAPI.swift in Sources */ = {isa = PBXBuildFile; fileRef = 6DEFEA3C284BAB8A0068243D /* FireBaseAPI.swift */; };
		6DF159B3283A13F10084A9E1 /* GoogleService-Info.plist in Resources */ = {isa = PBXBuildFile; fileRef = 6DF159B2283A13F10084A9E1 /* GoogleService-Info.plist */; };
		6DF159B9283A1C230084A9E1 /* Rounded M+ 2m bold.ttf in Resources */ = {isa = PBXBuildFile; fileRef = 6DF159B8283A1C230084A9E1 /* Rounded M+ 2m bold.ttf */; };
/* End PBXBuildFile section */

/* Begin PBXFileReference section */
		6D1390A2283A2BB20044EDC7 /* MakePostViewController.swift */ = {isa = PBXFileReference; lastKnownFileType = sourcecode.swift; path = MakePostViewController.swift; sourceTree = "<group>"; };
		6D1390A4283A2BCB0044EDC7 /* PostsViewController.swift */ = {isa = PBXFileReference; lastKnownFileType = sourcecode.swift; name = PostsViewController.swift; path = SPACE/View/PostsViewController.swift; sourceTree = SOURCE_ROOT; };
		6D2D640B28587E1F000C8AE6 /* LogInViewController.swift */ = {isa = PBXFileReference; lastKnownFileType = sourcecode.swift; name = LogInViewController.swift; path = SPACE/Controller/LogInViewController.swift; sourceTree = SOURCE_ROOT; };
		6D77840C28588BCC0065F7C0 /* AddNewAccountViewController.swift */ = {isa = PBXFileReference; lastKnownFileType = sourcecode.swift; name = AddNewAccountViewController.swift; path = SPACE/Controller/AddNewAccountViewController.swift; sourceTree = SOURCE_ROOT; };
		6D77840E2858E2B30065F7C0 /* Constellation.swift */ = {isa = PBXFileReference; lastKnownFileType = sourcecode.swift; name = Constellation.swift; path = SPACE/View/Constellation.swift; sourceTree = SOURCE_ROOT; };
		6D778410285916900065F7C0 /* AccountViewController.swift */ = {isa = PBXFileReference; lastKnownFileType = sourcecode.swift; name = AccountViewController.swift; path = SPACE/Model/AccountViewController.swift; sourceTree = SOURCE_ROOT; };
		6D77841228591AF50065F7C0 /* AccountCollectionViewCell.swift */ = {isa = PBXFileReference; lastKnownFileType = sourcecode.swift; path = AccountCollectionViewCell.swift; sourceTree = "<group>"; };
		6D7784142859C31F0065F7C0 /* AccountPostsViewController.swift */ = {isa = PBXFileReference; lastKnownFileType = sourcecode.swift; path = AccountPostsViewController.swift; sourceTree = "<group>"; };
		6D7805BE284A50C4004F2A6E /* Post.swift */ = {isa = PBXFileReference; lastKnownFileType = sourcecode.swift; path = Post.swift; sourceTree = "<group>"; };
		6D8D4EC8284C1D81008E6EA2 /* unselected.png */ = {isa = PBXFileReference; lastKnownFileType = image.png; path = unselected.png; sourceTree = "<group>"; };
		6D8D4ECA284C1FFD008E6EA2 /* AddPostToConstellationViewController.swift */ = {isa = PBXFileReference; lastKnownFileType = sourcecode.swift; path = AddPostToConstellationViewController.swift; sourceTree = "<group>"; };
		6D8D4ED1284C23D4008E6EA2 /* bg_2.png */ = {isa = PBXFileReference; lastKnownFileType = image.png; path = bg_2.png; sourceTree = "<group>"; };
		6DA42A1A2839DC9200A89BC0 /* SPACE.app */ = {isa = PBXFileReference; explicitFileType = wrapper.application; includeInIndex = 0; path = SPACE.app; sourceTree = BUILT_PRODUCTS_DIR; };
		6DA42A1D2839DC9200A89BC0 /* AppDelegate.swift */ = {isa = PBXFileReference; lastKnownFileType = sourcecode.swift; path = AppDelegate.swift; sourceTree = "<group>"; };
		6DA42A1F2839DC9200A89BC0 /* SceneDelegate.swift */ = {isa = PBXFileReference; lastKnownFileType = sourcecode.swift; path = SceneDelegate.swift; sourceTree = "<group>"; };
		6DA42A212839DC9200A89BC0 /* SelectConstellationViewController.swift */ = {isa = PBXFileReference; lastKnownFileType = sourcecode.swift; path = SelectConstellationViewController.swift; sourceTree = "<group>"; };
		6DA42A242839DC9200A89BC0 /* Base */ = {isa = PBXFileReference; lastKnownFileType = file.storyboard; name = Base; path = Base.lproj/Main.storyboard; sourceTree = "<group>"; };
		6DA42A262839DC9300A89BC0 /* Assets.xcassets */ = {isa = PBXFileReference; lastKnownFileType = folder.assetcatalog; path = Assets.xcassets; sourceTree = "<group>"; };
		6DA42A292839DC9300A89BC0 /* Base */ = {isa = PBXFileReference; lastKnownFileType = file.storyboard; name = Base; path = Base.lproj/LaunchScreen.storyboard; sourceTree = "<group>"; };
		6DA42A2B2839DC9300A89BC0 /* Info.plist */ = {isa = PBXFileReference; lastKnownFileType = text.plist.xml; path = Info.plist; sourceTree = "<group>"; };
		6DEFEA38284B3B7D0068243D /* PostManager.swift */ = {isa = PBXFileReference; lastKnownFileType = sourcecode.swift; path = PostManager.swift; sourceTree = "<group>"; };
		6DEFEA3C284BAB8A0068243D /* FireBaseAPI.swift */ = {isa = PBXFileReference; lastKnownFileType = sourcecode.swift; path = FireBaseAPI.swift; sourceTree = "<group>"; };
		6DF159B2283A13F10084A9E1 /* GoogleService-Info.plist */ = {isa = PBXFileReference; fileEncoding = 4; lastKnownFileType = text.plist.xml; path = "GoogleService-Info.plist"; sourceTree = "<group>"; };
		6DF159B8283A1C230084A9E1 /* Rounded M+ 2m bold.ttf */ = {isa = PBXFileReference; lastKnownFileType = file; path = "Rounded M+ 2m bold.ttf"; sourceTree = "<group>"; };
/* End PBXFileReference section */

/* Begin PBXFrameworksBuildPhase section */
		6DA42A172839DC9200A89BC0 /* Frameworks */ = {
			isa = PBXFrameworksBuildPhase;
			buildActionMask = 2147483647;
			files = (
				6D8D4EC5284C0BDE008E6EA2 /* FirebaseDatabase in Frameworks */,
				6D8D4EC7284C0BDE008E6EA2 /* FirebaseStorage in Frameworks */,
				6D8D4ED0284C21FD008E6EA2 /* SwiftDate in Frameworks */,
				6D8D4EC1284C0BDE008E6EA2 /* FirebaseAnalytics in Frameworks */,
				6D8D4EC3284C0BDE008E6EA2 /* FirebaseAuth in Frameworks */,
			);
			runOnlyForDeploymentPostprocessing = 0;
		};
/* End PBXFrameworksBuildPhase section */

/* Begin PBXGroup section */
		6DA42A112839DC9200A89BC0 = {
			isa = PBXGroup;
			children = (
				6DA42A1C2839DC9200A89BC0 /* SPACE */,
				6DA42A1B2839DC9200A89BC0 /* Products */,
			);
			sourceTree = "<group>";
		};
		6DA42A1B2839DC9200A89BC0 /* Products */ = {
			isa = PBXGroup;
			children = (
				6DA42A1A2839DC9200A89BC0 /* SPACE.app */,
			);
			name = Products;
			sourceTree = "<group>";
		};
		6DA42A1C2839DC9200A89BC0 /* SPACE */ = {
			isa = PBXGroup;
			children = (
				6DA42A1D2839DC9200A89BC0 /* AppDelegate.swift */,
				6DA42A1F2839DC9200A89BC0 /* SceneDelegate.swift */,
				6DF159BC283A1C8E0084A9E1 /* Model */,
				6DF159BB283A1C880084A9E1 /* View */,
				6DF159BD283A1C920084A9E1 /* Controller */,
				6DF159BA283A1C790084A9E1 /* Font */,
				6DA42A262839DC9300A89BC0 /* Assets.xcassets */,
				6DA42A282839DC9300A89BC0 /* LaunchScreen.storyboard */,
				6DA42A2B2839DC9300A89BC0 /* Info.plist */,
				6DF159B2283A13F10084A9E1 /* GoogleService-Info.plist */,
				6D8D4EC8284C1D81008E6EA2 /* unselected.png */,
				6D8D4ED1284C23D4008E6EA2 /* bg_2.png */,
			);
			path = SPACE;
			sourceTree = "<group>";
		};
		6DF159BA283A1C790084A9E1 /* Font */ = {
			isa = PBXGroup;
			children = (
				6DF159B8283A1C230084A9E1 /* Rounded M+ 2m bold.ttf */,
			);
			path = Font;
			sourceTree = "<group>";
		};
		6DF159BB283A1C880084A9E1 /* View */ = {
			isa = PBXGroup;
			children = (
				6DA42A232839DC9200A89BC0 /* Main.storyboard */,
			);
			path = View;
			sourceTree = "<group>";
		};
		6DF159BC283A1C8E0084A9E1 /* Model */ = {
			isa = PBXGroup;
			children = (
				6D77840E2858E2B30065F7C0 /* Constellation.swift */,
				6D7805BE284A50C4004F2A6E /* Post.swift */,
				6DEFEA38284B3B7D0068243D /* PostManager.swift */,
				6DEFEA3C284BAB8A0068243D /* FireBaseAPI.swift */,
			);
			path = Model;
			sourceTree = "<group>";
		};
		6DF159BD283A1C920084A9E1 /* Controller */ = {
			isa = PBXGroup;
			children = (
				6D778410285916900065F7C0 /* AccountViewController.swift */,
				6D7784142859C31F0065F7C0 /* AccountPostsViewController.swift */,
				6D2D640B28587E1F000C8AE6 /* LogInViewController.swift */,
				6D1390A4283A2BCB0044EDC7 /* PostsViewController.swift */,
				6DA42A212839DC9200A89BC0 /* SelectConstellationViewController.swift */,
				6D1390A2283A2BB20044EDC7 /* MakePostViewController.swift */,
				6D8D4ECA284C1FFD008E6EA2 /* AddPostToConstellationViewController.swift */,
				6D77840C28588BCC0065F7C0 /* AddNewAccountViewController.swift */,
				6D77841228591AF50065F7C0 /* AccountCollectionViewCell.swift */,
			);
			path = Controller;
			sourceTree = "<group>";
		};
/* End PBXGroup section */

/* Begin PBXNativeTarget section */
		6DA42A192839DC9200A89BC0 /* SPACE */ = {
			isa = PBXNativeTarget;
			buildConfigurationList = 6DA42A2E2839DC9300A89BC0 /* Build configuration list for PBXNativeTarget "SPACE" */;
			buildPhases = (
				6DA42A162839DC9200A89BC0 /* Sources */,
				6DA42A172839DC9200A89BC0 /* Frameworks */,
				6DA42A182839DC9200A89BC0 /* Resources */,
			);
			buildRules = (
			);
			dependencies = (
			);
			name = SPACE;
			packageProductDependencies = (
				6D8D4EC0284C0BDE008E6EA2 /* FirebaseAnalytics */,
				6D8D4EC2284C0BDE008E6EA2 /* FirebaseAuth */,
				6D8D4EC4284C0BDE008E6EA2 /* FirebaseDatabase */,
				6D8D4EC6284C0BDE008E6EA2 /* FirebaseStorage */,
				6D8D4ECF284C21FD008E6EA2 /* SwiftDate */,
			);
			productName = SPACE;
			productReference = 6DA42A1A2839DC9200A89BC0 /* SPACE.app */;
			productType = "com.apple.product-type.application";
		};
/* End PBXNativeTarget section */

/* Begin PBXProject section */
		6DA42A122839DC9200A89BC0 /* Project object */ = {
			isa = PBXProject;
			attributes = {
				BuildIndependentTargetsInParallel = 1;
				LastSwiftUpdateCheck = 1340;
				LastUpgradeCheck = 1340;
				TargetAttributes = {
					6DA42A192839DC9200A89BC0 = {
						CreatedOnToolsVersion = 13.4;
					};
				};
			};
			buildConfigurationList = 6DA42A152839DC9200A89BC0 /* Build configuration list for PBXProject "SPACE" */;
			compatibilityVersion = "Xcode 13.0";
			developmentRegion = en;
			hasScannedForEncodings = 0;
			knownRegions = (
				en,
				Base,
			);
			mainGroup = 6DA42A112839DC9200A89BC0;
			packageReferences = (
				6D8D4EBF284C0BDE008E6EA2 /* XCRemoteSwiftPackageReference "firebase-ios-sdk" */,
				6D8D4ECE284C21FD008E6EA2 /* XCRemoteSwiftPackageReference "SwiftDate" */,
			);
			productRefGroup = 6DA42A1B2839DC9200A89BC0 /* Products */;
			projectDirPath = "";
			projectRoot = "";
			targets = (
				6DA42A192839DC9200A89BC0 /* SPACE */,
			);
		};
/* End PBXProject section */

/* Begin PBXResourcesBuildPhase section */
		6DA42A182839DC9200A89BC0 /* Resources */ = {
			isa = PBXResourcesBuildPhase;
			buildActionMask = 2147483647;
			files = (
				6DA42A2A2839DC9300A89BC0 /* LaunchScreen.storyboard in Resources */,
				6DF159B9283A1C230084A9E1 /* Rounded M+ 2m bold.ttf in Resources */,
				6D8D4ED2284C23D4008E6EA2 /* bg_2.png in Resources */,
				6DF159B3283A13F10084A9E1 /* GoogleService-Info.plist in Resources */,
				6DA42A272839DC9300A89BC0 /* Assets.xcassets in Resources */,
				6D8D4EC9284C1D82008E6EA2 /* unselected.png in Resources */,
				6DA42A252839DC9200A89BC0 /* Main.storyboard in Resources */,
			);
			runOnlyForDeploymentPostprocessing = 0;
		};
/* End PBXResourcesBuildPhase section */

/* Begin PBXSourcesBuildPhase section */
		6DA42A162839DC9200A89BC0 /* Sources */ = {
			isa = PBXSourcesBuildPhase;
			buildActionMask = 2147483647;
			files = (
				6DA42A222839DC9200A89BC0 /* SelectConstellationViewController.swift in Sources */,
				6DA42A1E2839DC9200A89BC0 /* AppDelegate.swift in Sources */,
				6D778411285916900065F7C0 /* AccountViewController.swift in Sources */,
				6D1390A3283A2BB20044EDC7 /* MakePostViewController.swift in Sources */,
				6D77840D28588BCC0065F7C0 /* AddNewAccountViewController.swift in Sources */,
				6D7805BF284A50C4004F2A6E /* Post.swift in Sources */,
				6D77840F2858E2B30065F7C0 /* Constellation.swift in Sources */,
				6D8D4ECB284C1FFD008E6EA2 /* AddPostToConstellationViewController.swift in Sources */,
				6DEFEA39284B3B7D0068243D /* PostManager.swift in Sources */,
				6DA42A202839DC9200A89BC0 /* SceneDelegate.swift in Sources */,
				6D7784152859C31F0065F7C0 /* AccountPostsViewController.swift in Sources */,
				6D1390A5283A2BCB0044EDC7 /* PostsViewController.swift in Sources */,
				6D2D640C28587E1F000C8AE6 /* LogInViewController.swift in Sources */,
				6D77841328591AF50065F7C0 /* AccountCollectionViewCell.swift in Sources */,
				6DEFEA3D284BAB8A0068243D /* FireBaseAPI.swift in Sources */,
			);
			runOnlyForDeploymentPostprocessing = 0;
		};
/* End PBXSourcesBuildPhase section */

/* Begin PBXVariantGroup section */
		6DA42A232839DC9200A89BC0 /* Main.storyboard */ = {
			isa = PBXVariantGroup;
			children = (
				6DA42A242839DC9200A89BC0 /* Base */,
			);
			name = Main.storyboard;
			sourceTree = "<group>";
		};
		6DA42A282839DC9300A89BC0 /* LaunchScreen.storyboard */ = {
			isa = PBXVariantGroup;
			children = (
				6DA42A292839DC9300A89BC0 /* Base */,
			);
			name = LaunchScreen.storyboard;
			sourceTree = "<group>";
		};
/* End PBXVariantGroup section */

/* Begin XCBuildConfiguration section */
		6DA42A2C2839DC9300A89BC0 /* Debug */ = {
			isa = XCBuildConfiguration;
			buildSettings = {
				ALWAYS_SEARCH_USER_PATHS = NO;
				CLANG_ANALYZER_NONNULL = YES;
				CLANG_ANALYZER_NUMBER_OBJECT_CONVERSION = YES_AGGRESSIVE;
				CLANG_CXX_LANGUAGE_STANDARD = "gnu++17";
				CLANG_ENABLE_MODULES = YES;
				CLANG_ENABLE_OBJC_ARC = YES;
				CLANG_ENABLE_OBJC_WEAK = YES;
				CLANG_WARN_BLOCK_CAPTURE_AUTORELEASING = YES;
				CLANG_WARN_BOOL_CONVERSION = YES;
				CLANG_WARN_COMMA = YES;
				CLANG_WARN_CONSTANT_CONVERSION = YES;
				CLANG_WARN_DEPRECATED_OBJC_IMPLEMENTATIONS = YES;
				CLANG_WARN_DIRECT_OBJC_ISA_USAGE = YES_ERROR;
				CLANG_WARN_DOCUMENTATION_COMMENTS = YES;
				CLANG_WARN_EMPTY_BODY = YES;
				CLANG_WARN_ENUM_CONVERSION = YES;
				CLANG_WARN_INFINITE_RECURSION = YES;
				CLANG_WARN_INT_CONVERSION = YES;
				CLANG_WARN_NON_LITERAL_NULL_CONVERSION = YES;
				CLANG_WARN_OBJC_IMPLICIT_RETAIN_SELF = YES;
				CLANG_WARN_OBJC_LITERAL_CONVERSION = YES;
				CLANG_WARN_OBJC_ROOT_CLASS = YES_ERROR;
				CLANG_WARN_QUOTED_INCLUDE_IN_FRAMEWORK_HEADER = YES;
				CLANG_WARN_RANGE_LOOP_ANALYSIS = YES;
				CLANG_WARN_STRICT_PROTOTYPES = YES;
				CLANG_WARN_SUSPICIOUS_MOVE = YES;
				CLANG_WARN_UNGUARDED_AVAILABILITY = YES_AGGRESSIVE;
				CLANG_WARN_UNREACHABLE_CODE = YES;
				CLANG_WARN__DUPLICATE_METHOD_MATCH = YES;
				COPY_PHASE_STRIP = NO;
				DEBUG_INFORMATION_FORMAT = dwarf;
				ENABLE_STRICT_OBJC_MSGSEND = YES;
				ENABLE_TESTABILITY = YES;
				GCC_C_LANGUAGE_STANDARD = gnu11;
				GCC_DYNAMIC_NO_PIC = NO;
				GCC_NO_COMMON_BLOCKS = YES;
				GCC_OPTIMIZATION_LEVEL = 0;
				GCC_PREPROCESSOR_DEFINITIONS = (
					"DEBUG=1",
					"$(inherited)",
				);
				GCC_WARN_64_TO_32_BIT_CONVERSION = YES;
				GCC_WARN_ABOUT_RETURN_TYPE = YES_ERROR;
				GCC_WARN_UNDECLARED_SELECTOR = YES;
				GCC_WARN_UNINITIALIZED_AUTOS = YES_AGGRESSIVE;
				GCC_WARN_UNUSED_FUNCTION = YES;
				GCC_WARN_UNUSED_VARIABLE = YES;
				IPHONEOS_DEPLOYMENT_TARGET = 15.4;
				MTL_ENABLE_DEBUG_INFO = INCLUDE_SOURCE;
				MTL_FAST_MATH = YES;
				ONLY_ACTIVE_ARCH = YES;
				SDKROOT = iphoneos;
				SWIFT_ACTIVE_COMPILATION_CONDITIONS = DEBUG;
				SWIFT_OPTIMIZATION_LEVEL = "-Onone";
			};
			name = Debug;
		};
		6DA42A2D2839DC9300A89BC0 /* Release */ = {
			isa = XCBuildConfiguration;
			buildSettings = {
				ALWAYS_SEARCH_USER_PATHS = NO;
				CLANG_ANALYZER_NONNULL = YES;
				CLANG_ANALYZER_NUMBER_OBJECT_CONVERSION = YES_AGGRESSIVE;
				CLANG_CXX_LANGUAGE_STANDARD = "gnu++17";
				CLANG_ENABLE_MODULES = YES;
				CLANG_ENABLE_OBJC_ARC = YES;
				CLANG_ENABLE_OBJC_WEAK = YES;
				CLANG_WARN_BLOCK_CAPTURE_AUTORELEASING = YES;
				CLANG_WARN_BOOL_CONVERSION = YES;
				CLANG_WARN_COMMA = YES;
				CLANG_WARN_CONSTANT_CONVERSION = YES;
				CLANG_WARN_DEPRECATED_OBJC_IMPLEMENTATIONS = YES;
				CLANG_WARN_DIRECT_OBJC_ISA_USAGE = YES_ERROR;
				CLANG_WARN_DOCUMENTATION_COMMENTS = YES;
				CLANG_WARN_EMPTY_BODY = YES;
				CLANG_WARN_ENUM_CONVERSION = YES;
				CLANG_WARN_INFINITE_RECURSION = YES;
				CLANG_WARN_INT_CONVERSION = YES;
				CLANG_WARN_NON_LITERAL_NULL_CONVERSION = YES;
				CLANG_WARN_OBJC_IMPLICIT_RETAIN_SELF = YES;
				CLANG_WARN_OBJC_LITERAL_CONVERSION = YES;
				CLANG_WARN_OBJC_ROOT_CLASS = YES_ERROR;
				CLANG_WARN_QUOTED_INCLUDE_IN_FRAMEWORK_HEADER = YES;
				CLANG_WARN_RANGE_LOOP_ANALYSIS = YES;
				CLANG_WARN_STRICT_PROTOTYPES = YES;
				CLANG_WARN_SUSPICIOUS_MOVE = YES;
				CLANG_WARN_UNGUARDED_AVAILABILITY = YES_AGGRESSIVE;
				CLANG_WARN_UNREACHABLE_CODE = YES;
				CLANG_WARN__DUPLICATE_METHOD_MATCH = YES;
				COPY_PHASE_STRIP = NO;
				DEBUG_INFORMATION_FORMAT = "dwarf-with-dsym";
				ENABLE_NS_ASSERTIONS = NO;
				ENABLE_STRICT_OBJC_MSGSEND = YES;
				GCC_C_LANGUAGE_STANDARD = gnu11;
				GCC_NO_COMMON_BLOCKS = YES;
				GCC_WARN_64_TO_32_BIT_CONVERSION = YES;
				GCC_WARN_ABOUT_RETURN_TYPE = YES_ERROR;
				GCC_WARN_UNDECLARED_SELECTOR = YES;
				GCC_WARN_UNINITIALIZED_AUTOS = YES_AGGRESSIVE;
				GCC_WARN_UNUSED_FUNCTION = YES;
				GCC_WARN_UNUSED_VARIABLE = YES;
				IPHONEOS_DEPLOYMENT_TARGET = 15.4;
				MTL_ENABLE_DEBUG_INFO = NO;
				MTL_FAST_MATH = YES;
				SDKROOT = iphoneos;
				SWIFT_COMPILATION_MODE = wholemodule;
				SWIFT_OPTIMIZATION_LEVEL = "-O";
				VALIDATE_PRODUCT = YES;
			};
			name = Release;
		};
		6DA42A2F2839DC9300A89BC0 /* Debug */ = {
			isa = XCBuildConfiguration;
			buildSettings = {
				ASSETCATALOG_COMPILER_APPICON_NAME = AppIcon;
				ASSETCATALOG_COMPILER_GLOBAL_ACCENT_COLOR_NAME = AccentColor;
				CODE_SIGN_STYLE = Automatic;
				CURRENT_PROJECT_VERSION = 1;
				DEVELOPMENT_TEAM = 93LJ9T3CBB;
				GENERATE_INFOPLIST_FILE = YES;
				INFOPLIST_FILE = SPACE/Info.plist;
				INFOPLIST_KEY_NSCameraUsageDescription = "カメラを起動します";
				INFOPLIST_KEY_NSPhotoLibraryUsageDescription = "アルバムを起動します";
				INFOPLIST_KEY_UIApplicationSupportsIndirectInputEvents = YES;
				INFOPLIST_KEY_UILaunchStoryboardName = LaunchScreen;
				INFOPLIST_KEY_UIMainStoryboardFile = Main;
				INFOPLIST_KEY_UISupportedInterfaceOrientations_iPad = "UIInterfaceOrientationPortrait UIInterfaceOrientationPortraitUpsideDown UIInterfaceOrientationLandscapeLeft UIInterfaceOrientationLandscapeRight";
				INFOPLIST_KEY_UISupportedInterfaceOrientations_iPhone = "UIInterfaceOrientationPortrait UIInterfaceOrientationLandscapeLeft UIInterfaceOrientationLandscapeRight";
				LD_RUNPATH_SEARCH_PATHS = (
					"$(inherited)",
					"@executable_path/Frameworks",
				);
				MARKETING_VERSION = 1.0;
				PRODUCT_BUNDLE_IDENTIFIER = AtsushiHosaka.SPACE;
				PRODUCT_NAME = "$(TARGET_NAME)";
				SWIFT_EMIT_LOC_STRINGS = YES;
				SWIFT_VERSION = 5.0;
				TARGETED_DEVICE_FAMILY = "1,2";
			};
			name = Debug;
		};
		6DA42A302839DC9300A89BC0 /* Release */ = {
			isa = XCBuildConfiguration;
			buildSettings = {
				ASSETCATALOG_COMPILER_APPICON_NAME = AppIcon;
				ASSETCATALOG_COMPILER_GLOBAL_ACCENT_COLOR_NAME = AccentColor;
				CODE_SIGN_STYLE = Automatic;
				CURRENT_PROJECT_VERSION = 1;
				DEVELOPMENT_TEAM = 93LJ9T3CBB;
				GENERATE_INFOPLIST_FILE = YES;
				INFOPLIST_FILE = SPACE/Info.plist;
				INFOPLIST_KEY_NSCameraUsageDescription = "カメラを起動します";
				INFOPLIST_KEY_NSPhotoLibraryUsageDescription = "アルバムを起動します";
				INFOPLIST_KEY_UIApplicationSupportsIndirectInputEvents = YES;
				INFOPLIST_KEY_UILaunchStoryboardName = LaunchScreen;
				INFOPLIST_KEY_UIMainStoryboardFile = Main;
				INFOPLIST_KEY_UISupportedInterfaceOrientations_iPad = "UIInterfaceOrientationPortrait UIInterfaceOrientationPortraitUpsideDown UIInterfaceOrientationLandscapeLeft UIInterfaceOrientationLandscapeRight";
				INFOPLIST_KEY_UISupportedInterfaceOrientations_iPhone = "UIInterfaceOrientationPortrait UIInterfaceOrientationLandscapeLeft UIInterfaceOrientationLandscapeRight";
				LD_RUNPATH_SEARCH_PATHS = (
					"$(inherited)",
					"@executable_path/Frameworks",
				);
				MARKETING_VERSION = 1.0;
				PRODUCT_BUNDLE_IDENTIFIER = AtsushiHosaka.SPACE;
				PRODUCT_NAME = "$(TARGET_NAME)";
				SWIFT_EMIT_LOC_STRINGS = YES;
				SWIFT_VERSION = 5.0;
				TARGETED_DEVICE_FAMILY = "1,2";
			};
			name = Release;
		};
/* End XCBuildConfiguration section */

/* Begin XCConfigurationList section */
		6DA42A152839DC9200A89BC0 /* Build configuration list for PBXProject "SPACE" */ = {
			isa = XCConfigurationList;
			buildConfigurations = (
				6DA42A2C2839DC9300A89BC0 /* Debug */,
				6DA42A2D2839DC9300A89BC0 /* Release */,
			);
			defaultConfigurationIsVisible = 0;
			defaultConfigurationName = Release;
		};
		6DA42A2E2839DC9300A89BC0 /* Build configuration list for PBXNativeTarget "SPACE" */ = {
			isa = XCConfigurationList;
			buildConfigurations = (
				6DA42A2F2839DC9300A89BC0 /* Debug */,
				6DA42A302839DC9300A89BC0 /* Release */,
			);
			defaultConfigurationIsVisible = 0;
			defaultConfigurationName = Release;
		};
/* End XCConfigurationList section */

/* Begin XCRemoteSwiftPackageReference section */
		6D8D4EBF284C0BDE008E6EA2 /* XCRemoteSwiftPackageReference "firebase-ios-sdk" */ = {
			isa = XCRemoteSwiftPackageReference;
			repositoryURL = "https://github.com/firebase/firebase-ios-sdk";
			requirement = {
				kind = upToNextMajorVersion;
				minimumVersion = 9.0.0;
			};
		};
		6D8D4ECE284C21FD008E6EA2 /* XCRemoteSwiftPackageReference "SwiftDate" */ = {
			isa = XCRemoteSwiftPackageReference;
			repositoryURL = "https://github.com/malcommac/SwiftDate";
			requirement = {
				kind = upToNextMajorVersion;
				minimumVersion = 6.0.0;
			};
		};
/* End XCRemoteSwiftPackageReference section */

/* Begin XCSwiftPackageProductDependency section */
		6D8D4EC0284C0BDE008E6EA2 /* FirebaseAnalytics */ = {
			isa = XCSwiftPackageProductDependency;
			package = 6D8D4EBF284C0BDE008E6EA2 /* XCRemoteSwiftPackageReference "firebase-ios-sdk" */;
			productName = FirebaseAnalytics;
		};
		6D8D4EC2284C0BDE008E6EA2 /* FirebaseAuth */ = {
			isa = XCSwiftPackageProductDependency;
			package = 6D8D4EBF284C0BDE008E6EA2 /* XCRemoteSwiftPackageReference "firebase-ios-sdk" */;
			productName = FirebaseAuth;
		};
		6D8D4EC4284C0BDE008E6EA2 /* FirebaseDatabase */ = {
			isa = XCSwiftPackageProductDependency;
			package = 6D8D4EBF284C0BDE008E6EA2 /* XCRemoteSwiftPackageReference "firebase-ios-sdk" */;
			productName = FirebaseDatabase;
		};
		6D8D4EC6284C0BDE008E6EA2 /* FirebaseStorage */ = {
			isa = XCSwiftPackageProductDependency;
			package = 6D8D4EBF284C0BDE008E6EA2 /* XCRemoteSwiftPackageReference "firebase-ios-sdk" */;
			productName = FirebaseStorage;
		};
		6D8D4ECF284C21FD008E6EA2 /* SwiftDate */ = {
			isa = XCSwiftPackageProductDependency;
			package = 6D8D4ECE284C21FD008E6EA2 /* XCRemoteSwiftPackageReference "SwiftDate" */;
			productName = SwiftDate;
		};
/* End XCSwiftPackageProductDependency section */
	};
	rootObject = 6DA42A122839DC9200A89BC0 /* Project object */;
}
